// !$*UTF8*$!
{
	archiveVersion = 1;
	classes = {
	};
	objectVersion = 50;
	objects = {

/* Begin PBXBuildFile section */
		C253827D207681E3008BDB09 /* DependencyNode.swift in Sources */ = {isa = PBXBuildFile; fileRef = C253827C207681E3008BDB09 /* DependencyNode.swift */; };
		C2538282207685A5008BDB09 /* HexColors.swift in Sources */ = {isa = PBXBuildFile; fileRef = C2538281207685A5008BDB09 /* HexColors.swift */; };
		C26572C220786509005650E8 /* CharacterSet+Extension.swift in Sources */ = {isa = PBXBuildFile; fileRef = C26572C120786509005650E8 /* CharacterSet+Extension.swift */; };
		C26572C42078652B005650E8 /* Parser+Extension.swift in Sources */ = {isa = PBXBuildFile; fileRef = C26572C32078652B005650E8 /* Parser+Extension.swift */; };
		C26572C620786545005650E8 /* Parser+Runes.swift in Sources */ = {isa = PBXBuildFile; fileRef = C26572C520786545005650E8 /* Parser+Runes.swift */; };
		C2756DF320765C8100FF160B /* AppDelegate.swift in Sources */ = {isa = PBXBuildFile; fileRef = C2756DF220765C8100FF160B /* AppDelegate.swift */; };
		C2756DF520765C8100FF160B /* ViewController.swift in Sources */ = {isa = PBXBuildFile; fileRef = C2756DF420765C8100FF160B /* ViewController.swift */; };
		C2756DF720765C8200FF160B /* Assets.xcassets in Resources */ = {isa = PBXBuildFile; fileRef = C2756DF620765C8200FF160B /* Assets.xcassets */; };
		C2756DFA20765C8200FF160B /* Main.storyboard in Resources */ = {isa = PBXBuildFile; fileRef = C2756DF820765C8200FF160B /* Main.storyboard */; };
		C2756E1620765CBB00FF160B /* Luminosity.swift in Sources */ = {isa = PBXBuildFile; fileRef = C2756E0320765CBA00FF160B /* Luminosity.swift */; };
		C2756E1720765CBB00FF160B /* RandomColor.swift in Sources */ = {isa = PBXBuildFile; fileRef = C2756E0420765CBA00FF160B /* RandomColor.swift */; };
		C2756E1820765CBB00FF160B /* ColorDefinition.swift in Sources */ = {isa = PBXBuildFile; fileRef = C2756E0520765CBA00FF160B /* ColorDefinition.swift */; };
		C2756E1920765CBB00FF160B /* Hue.swift in Sources */ = {isa = PBXBuildFile; fileRef = C2756E0620765CBA00FF160B /* Hue.swift */; };
		C2756E1E20765CBB00FF160B /* Curry.swift in Sources */ = {isa = PBXBuildFile; fileRef = C2756E0E20765CBB00FF160B /* Curry.swift */; };
		C2756E1F20765CBB00FF160B /* Runes.swift in Sources */ = {isa = PBXBuildFile; fileRef = C2756E0F20765CBB00FF160B /* Runes.swift */; };
		C2756E2020765CBB00FF160B /* PodLockFileParser.swift in Sources */ = {isa = PBXBuildFile; fileRef = C2756E1020765CBB00FF160B /* PodLockFileParser.swift */; };
		C2756E2120765CBB00FF160B /* Parser.swift in Sources */ = {isa = PBXBuildFile; fileRef = C2756E1120765CBB00FF160B /* Parser.swift */; };
		C2756E2920765D4E00FF160B /* RelationView.swift in Sources */ = {isa = PBXBuildFile; fileRef = C2756E2620765D4E00FF160B /* RelationView.swift */; };
		C2756E2A20765D4E00FF160B /* Array+Extension.swift in Sources */ = {isa = PBXBuildFile; fileRef = C2756E2720765D4E00FF160B /* Array+Extension.swift */; };
		C2756E2B20765D4E00FF160B /* RelationItemView.swift in Sources */ = {isa = PBXBuildFile; fileRef = C2756E2820765D4E00FF160B /* RelationItemView.swift */; };
		C2D8BBFD2076A4960093FC8E /* DependencySort.swift in Sources */ = {isa = PBXBuildFile; fileRef = C2D8BBFC2076A4960093FC8E /* DependencySort.swift */; };
		C2D8BC002077201E0093FC8E /* PrettyRelation+Extension.swift in Sources */ = {isa = PBXBuildFile; fileRef = C2D8BBFF2077201E0093FC8E /* PrettyRelation+Extension.swift */; };
		C2D8BC02207720F30093FC8E /* NSPoint+Extension.swift in Sources */ = {isa = PBXBuildFile; fileRef = C2D8BC01207720F30093FC8E /* NSPoint+Extension.swift */; };
		C2D8BC04207720FD0093FC8E /* NSRect+Dependency.swift in Sources */ = {isa = PBXBuildFile; fileRef = C2D8BC03207720FD0093FC8E /* NSRect+Dependency.swift */; };
		C2D8BC06207721230093FC8E /* PrettyRelation.swift in Sources */ = {isa = PBXBuildFile; fileRef = C2D8BC05207721230093FC8E /* PrettyRelation.swift */; };
/* End PBXBuildFile section */

/* Begin PBXFileReference section */
		C253827C207681E3008BDB09 /* DependencyNode.swift */ = {isa = PBXFileReference; lastKnownFileType = sourcecode.swift; path = DependencyNode.swift; sourceTree = "<group>"; };
		C2538281207685A5008BDB09 /* HexColors.swift */ = {isa = PBXFileReference; lastKnownFileType = sourcecode.swift; path = HexColors.swift; sourceTree = "<group>"; };
		C26572C120786509005650E8 /* CharacterSet+Extension.swift */ = {isa = PBXFileReference; lastKnownFileType = sourcecode.swift; path = "CharacterSet+Extension.swift"; sourceTree = "<group>"; };
		C26572C32078652B005650E8 /* Parser+Extension.swift */ = {isa = PBXFileReference; lastKnownFileType = sourcecode.swift; path = "Parser+Extension.swift"; sourceTree = "<group>"; };
		C26572C520786545005650E8 /* Parser+Runes.swift */ = {isa = PBXFileReference; lastKnownFileType = sourcecode.swift; path = "Parser+Runes.swift"; sourceTree = "<group>"; };
		C2756DEF20765C8100FF160B /* Pretty.app */ = {isa = PBXFileReference; explicitFileType = wrapper.application; includeInIndex = 0; path = Pretty.app; sourceTree = BUILT_PRODUCTS_DIR; };
		C2756DF220765C8100FF160B /* AppDelegate.swift */ = {isa = PBXFileReference; lastKnownFileType = sourcecode.swift; path = AppDelegate.swift; sourceTree = "<group>"; };
		C2756DF420765C8100FF160B /* ViewController.swift */ = {isa = PBXFileReference; lastKnownFileType = sourcecode.swift; path = ViewController.swift; sourceTree = "<group>"; };
		C2756DF620765C8200FF160B /* Assets.xcassets */ = {isa = PBXFileReference; lastKnownFileType = folder.assetcatalog; path = Assets.xcassets; sourceTree = "<group>"; };
		C2756DF920765C8200FF160B /* Base */ = {isa = PBXFileReference; lastKnownFileType = file.storyboard; name = Base; path = Base.lproj/Main.storyboard; sourceTree = "<group>"; };
		C2756DFB20765C8200FF160B /* Info.plist */ = {isa = PBXFileReference; lastKnownFileType = text.plist.xml; path = Info.plist; sourceTree = "<group>"; };
		C2756DFC20765C8200FF160B /* Pretty.entitlements */ = {isa = PBXFileReference; lastKnownFileType = text.plist.entitlements; path = Pretty.entitlements; sourceTree = "<group>"; };
		C2756E0320765CBA00FF160B /* Luminosity.swift */ = {isa = PBXFileReference; fileEncoding = 4; lastKnownFileType = sourcecode.swift; path = Luminosity.swift; sourceTree = "<group>"; };
		C2756E0420765CBA00FF160B /* RandomColor.swift */ = {isa = PBXFileReference; fileEncoding = 4; lastKnownFileType = sourcecode.swift; path = RandomColor.swift; sourceTree = "<group>"; };
		C2756E0520765CBA00FF160B /* ColorDefinition.swift */ = {isa = PBXFileReference; fileEncoding = 4; lastKnownFileType = sourcecode.swift; path = ColorDefinition.swift; sourceTree = "<group>"; };
		C2756E0620765CBA00FF160B /* Hue.swift */ = {isa = PBXFileReference; fileEncoding = 4; lastKnownFileType = sourcecode.swift; path = Hue.swift; sourceTree = "<group>"; };
		C2756E0720765CBA00FF160B /* RandomColor.h */ = {isa = PBXFileReference; fileEncoding = 4; lastKnownFileType = sourcecode.c.h; path = RandomColor.h; sourceTree = "<group>"; };
		C2756E0E20765CBB00FF160B /* Curry.swift */ = {isa = PBXFileReference; fileEncoding = 4; lastKnownFileType = sourcecode.swift; path = Curry.swift; sourceTree = "<group>"; };
		C2756E0F20765CBB00FF160B /* Runes.swift */ = {isa = PBXFileReference; fileEncoding = 4; lastKnownFileType = sourcecode.swift; path = Runes.swift; sourceTree = "<group>"; };
		C2756E1020765CBB00FF160B /* PodLockFileParser.swift */ = {isa = PBXFileReference; fileEncoding = 4; lastKnownFileType = sourcecode.swift; path = PodLockFileParser.swift; sourceTree = "<group>"; };
		C2756E1120765CBB00FF160B /* Parser.swift */ = {isa = PBXFileReference; fileEncoding = 4; lastKnownFileType = sourcecode.swift; path = Parser.swift; sourceTree = "<group>"; };
		C2756E2620765D4E00FF160B /* RelationView.swift */ = {isa = PBXFileReference; fileEncoding = 4; lastKnownFileType = sourcecode.swift; path = RelationView.swift; sourceTree = "<group>"; };
		C2756E2720765D4E00FF160B /* Array+Extension.swift */ = {isa = PBXFileReference; fileEncoding = 4; lastKnownFileType = sourcecode.swift; path = "Array+Extension.swift"; sourceTree = "<group>"; };
		C2756E2820765D4E00FF160B /* RelationItemView.swift */ = {isa = PBXFileReference; fileEncoding = 4; lastKnownFileType = sourcecode.swift; path = RelationItemView.swift; sourceTree = "<group>"; };
		C2D8BBFC2076A4960093FC8E /* DependencySort.swift */ = {isa = PBXFileReference; lastKnownFileType = sourcecode.swift; path = DependencySort.swift; sourceTree = "<group>"; };
		C2D8BBFF2077201E0093FC8E /* PrettyRelation+Extension.swift */ = {isa = PBXFileReference; lastKnownFileType = sourcecode.swift; path = "PrettyRelation+Extension.swift"; sourceTree = "<group>"; };
		C2D8BC01207720F30093FC8E /* NSPoint+Extension.swift */ = {isa = PBXFileReference; lastKnownFileType = sourcecode.swift; path = "NSPoint+Extension.swift"; sourceTree = "<group>"; };
		C2D8BC03207720FD0093FC8E /* NSRect+Dependency.swift */ = {isa = PBXFileReference; lastKnownFileType = sourcecode.swift; path = "NSRect+Dependency.swift"; sourceTree = "<group>"; };
		C2D8BC05207721230093FC8E /* PrettyRelation.swift */ = {isa = PBXFileReference; lastKnownFileType = sourcecode.swift; path = PrettyRelation.swift; sourceTree = "<group>"; };
/* End PBXFileReference section */

/* Begin PBXFrameworksBuildPhase section */
		C2756DEC20765C8100FF160B /* Frameworks */ = {
			isa = PBXFrameworksBuildPhase;
			buildActionMask = 2147483647;
			files = (
			);
			runOnlyForDeploymentPostprocessing = 0;
		};
/* End PBXFrameworksBuildPhase section */

/* Begin PBXGroup section */
		C253827B207681CA008BDB09 /* Model */ = {
			isa = PBXGroup;
			children = (
				C253827C207681E3008BDB09 /* DependencyNode.swift */,
				C2D8BC05207721230093FC8E /* PrettyRelation.swift */,
			);
			path = Model;
			sourceTree = "<group>";
		};
		C253827E2076824B008BDB09 /* Utils */ = {
			isa = PBXGroup;
			children = (
				C2538281207685A5008BDB09 /* HexColors.swift */,
				C2D8BBFC2076A4960093FC8E /* DependencySort.swift */,
			);
			path = Utils;
			sourceTree = "<group>";
		};
		C2756DE620765C8100FF160B = {
			isa = PBXGroup;
			children = (
				C2756DF120765C8100FF160B /* Pretty */,
				C2756DF020765C8100FF160B /* Products */,
			);
			sourceTree = "<group>";
		};
		C2756DF020765C8100FF160B /* Products */ = {
			isa = PBXGroup;
			children = (
				C2756DEF20765C8100FF160B /* Pretty.app */,
			);
			name = Products;
			sourceTree = "<group>";
		};
		C2756DF120765C8100FF160B /* Pretty */ = {
			isa = PBXGroup;
			children = (
				C2D8BC08207722160093FC8E /* Resource */,
				C2D8BBFE20771FF80093FC8E /* Extension */,
				C2756E0220765CBA00FF160B /* RandomColors */,
				C2756E0D20765CBB00FF160B /* Parser */,
				C253827E2076824B008BDB09 /* Utils */,
				C253827B207681CA008BDB09 /* Model */,
				C2D8BC07207721D90093FC8E /* View */,
				C2D8BC09207722260093FC8E /* Controller */,
				C2756DF220765C8100FF160B /* AppDelegate.swift */,
				C2756DFB20765C8200FF160B /* Info.plist */,
				C2756DFC20765C8200FF160B /* Pretty.entitlements */,
			);
			path = Pretty;
			sourceTree = "<group>";
		};
		C2756E0220765CBA00FF160B /* RandomColors */ = {
			isa = PBXGroup;
			children = (
				C2756E0320765CBA00FF160B /* Luminosity.swift */,
				C2756E0420765CBA00FF160B /* RandomColor.swift */,
				C2756E0520765CBA00FF160B /* ColorDefinition.swift */,
				C2756E0620765CBA00FF160B /* Hue.swift */,
				C2756E0720765CBA00FF160B /* RandomColor.h */,
			);
			path = RandomColors;
			sourceTree = "<group>";
		};
		C2756E0D20765CBB00FF160B /* Parser */ = {
			isa = PBXGroup;
			children = (
				C2756E0E20765CBB00FF160B /* Curry.swift */,
				C2756E0F20765CBB00FF160B /* Runes.swift */,
				C2756E1120765CBB00FF160B /* Parser.swift */,
				C2756E1020765CBB00FF160B /* PodLockFileParser.swift */,
				C26572C32078652B005650E8 /* Parser+Extension.swift */,
				C26572C520786545005650E8 /* Parser+Runes.swift */,
			);
			path = Parser;
			sourceTree = "<group>";
		};
		C2D8BBFE20771FF80093FC8E /* Extension */ = {
			isa = PBXGroup;
			children = (
				C2756E2720765D4E00FF160B /* Array+Extension.swift */,
				C2D8BBFF2077201E0093FC8E /* PrettyRelation+Extension.swift */,
				C2D8BC01207720F30093FC8E /* NSPoint+Extension.swift */,
				C2D8BC03207720FD0093FC8E /* NSRect+Dependency.swift */,
				C26572C120786509005650E8 /* CharacterSet+Extension.swift */,
			);
			path = Extension;
			sourceTree = "<group>";
		};
		C2D8BC07207721D90093FC8E /* View */ = {
			isa = PBXGroup;
			children = (
				C2756E2820765D4E00FF160B /* RelationItemView.swift */,
				C2756E2620765D4E00FF160B /* RelationView.swift */,
			);
			path = View;
			sourceTree = "<group>";
		};
		C2D8BC08207722160093FC8E /* Resource */ = {
			isa = PBXGroup;
			children = (
				C2756DF620765C8200FF160B /* Assets.xcassets */,
				C2756DF820765C8200FF160B /* Main.storyboard */,
			);
			path = Resource;
			sourceTree = "<group>";
		};
		C2D8BC09207722260093FC8E /* Controller */ = {
			isa = PBXGroup;
			children = (
				C2756DF420765C8100FF160B /* ViewController.swift */,
			);
			path = Controller;
			sourceTree = "<group>";
		};
/* End PBXGroup section */

/* Begin PBXNativeTarget section */
		C2756DEE20765C8100FF160B /* Pretty */ = {
			isa = PBXNativeTarget;
			buildConfigurationList = C2756DFF20765C8200FF160B /* Build configuration list for PBXNativeTarget "Pretty" */;
			buildPhases = (
				C2756DEB20765C8100FF160B /* Sources */,
				C2756DEC20765C8100FF160B /* Frameworks */,
				C2756DED20765C8100FF160B /* Resources */,
			);
			buildRules = (
			);
			dependencies = (
			);
			name = Pretty;
			productName = Pretty;
			productReference = C2756DEF20765C8100FF160B /* Pretty.app */;
			productType = "com.apple.product-type.application";
		};
/* End PBXNativeTarget section */

/* Begin PBXProject section */
		C2756DE720765C8100FF160B /* Project object */ = {
			isa = PBXProject;
			attributes = {
				LastSwiftUpdateCheck = 0930;
				LastUpgradeCheck = 0930;
				ORGANIZATIONNAME = Octree;
				TargetAttributes = {
					C2756DEE20765C8100FF160B = {
						CreatedOnToolsVersion = 9.3;
					};
				};
			};
			buildConfigurationList = C2756DEA20765C8100FF160B /* Build configuration list for PBXProject "Pretty" */;
			compatibilityVersion = "Xcode 9.3";
			developmentRegion = en;
			hasScannedForEncodings = 0;
			knownRegions = (
				en,
				Base,
			);
			mainGroup = C2756DE620765C8100FF160B;
			productRefGroup = C2756DF020765C8100FF160B /* Products */;
			projectDirPath = "";
			projectRoot = "";
			targets = (
				C2756DEE20765C8100FF160B /* Pretty */,
			);
		};
/* End PBXProject section */

/* Begin PBXResourcesBuildPhase section */
		C2756DED20765C8100FF160B /* Resources */ = {
			isa = PBXResourcesBuildPhase;
			buildActionMask = 2147483647;
			files = (
				C2756DF720765C8200FF160B /* Assets.xcassets in Resources */,
				C2756DFA20765C8200FF160B /* Main.storyboard in Resources */,
			);
			runOnlyForDeploymentPostprocessing = 0;
		};
/* End PBXResourcesBuildPhase section */

/* Begin PBXSourcesBuildPhase section */
		C2756DEB20765C8100FF160B /* Sources */ = {
			isa = PBXSourcesBuildPhase;
			buildActionMask = 2147483647;
			files = (
				C2756E1E20765CBB00FF160B /* Curry.swift in Sources */,
				C26572C220786509005650E8 /* CharacterSet+Extension.swift in Sources */,
				C2D8BC06207721230093FC8E /* PrettyRelation.swift in Sources */,
				C2538282207685A5008BDB09 /* HexColors.swift in Sources */,
				C26572C620786545005650E8 /* Parser+Runes.swift in Sources */,
				C2756E1720765CBB00FF160B /* RandomColor.swift in Sources */,
				C2D8BC02207720F30093FC8E /* NSPoint+Extension.swift in Sources */,
				C253827D207681E3008BDB09 /* DependencyNode.swift in Sources */,
				C2756E1820765CBB00FF160B /* ColorDefinition.swift in Sources */,
				C26572C42078652B005650E8 /* Parser+Extension.swift in Sources */,
				C2756E2B20765D4E00FF160B /* RelationItemView.swift in Sources */,
				C2756E2A20765D4E00FF160B /* Array+Extension.swift in Sources */,
				C2756E2920765D4E00FF160B /* RelationView.swift in Sources */,
				C2756E1F20765CBB00FF160B /* Runes.swift in Sources */,
				C2756E1920765CBB00FF160B /* Hue.swift in Sources */,
				C2D8BC002077201E0093FC8E /* PrettyRelation+Extension.swift in Sources */,
				C2756E1620765CBB00FF160B /* Luminosity.swift in Sources */,
				C2756E2120765CBB00FF160B /* Parser.swift in Sources */,
				C2756DF520765C8100FF160B /* ViewController.swift in Sources */,
				C2756DF320765C8100FF160B /* AppDelegate.swift in Sources */,
				C2756E2020765CBB00FF160B /* PodLockFileParser.swift in Sources */,
				C2D8BBFD2076A4960093FC8E /* DependencySort.swift in Sources */,
				C2D8BC04207720FD0093FC8E /* NSRect+Dependency.swift in Sources */,
			);
			runOnlyForDeploymentPostprocessing = 0;
		};
/* End PBXSourcesBuildPhase section */

/* Begin PBXVariantGroup section */
		C2756DF820765C8200FF160B /* Main.storyboard */ = {
			isa = PBXVariantGroup;
			children = (
				C2756DF920765C8200FF160B /* Base */,
			);
			name = Main.storyboard;
			sourceTree = "<group>";
		};
/* End PBXVariantGroup section */

/* Begin XCBuildConfiguration section */
		C2756DFD20765C8200FF160B /* Debug */ = {
			isa = XCBuildConfiguration;
			buildSettings = {
				ALWAYS_SEARCH_USER_PATHS = NO;
				CLANG_ANALYZER_NONNULL = YES;
				CLANG_ANALYZER_NUMBER_OBJECT_CONVERSION = YES_AGGRESSIVE;
				CLANG_CXX_LANGUAGE_STANDARD = "gnu++14";
				CLANG_CXX_LIBRARY = "libc++";
				CLANG_ENABLE_MODULES = YES;
				CLANG_ENABLE_OBJC_ARC = YES;
				CLANG_ENABLE_OBJC_WEAK = YES;
				CLANG_WARN_BLOCK_CAPTURE_AUTORELEASING = YES;
				CLANG_WARN_BOOL_CONVERSION = YES;
				CLANG_WARN_COMMA = YES;
				CLANG_WARN_CONSTANT_CONVERSION = YES;
				CLANG_WARN_DEPRECATED_OBJC_IMPLEMENTATIONS = YES;
				CLANG_WARN_DIRECT_OBJC_ISA_USAGE = YES_ERROR;
				CLANG_WARN_DOCUMENTATION_COMMENTS = YES;
				CLANG_WARN_EMPTY_BODY = YES;
				CLANG_WARN_ENUM_CONVERSION = YES;
				CLANG_WARN_INFINITE_RECURSION = YES;
				CLANG_WARN_INT_CONVERSION = YES;
				CLANG_WARN_NON_LITERAL_NULL_CONVERSION = YES;
				CLANG_WARN_OBJC_IMPLICIT_RETAIN_SELF = YES;
				CLANG_WARN_OBJC_LITERAL_CONVERSION = YES;
				CLANG_WARN_OBJC_ROOT_CLASS = YES_ERROR;
				CLANG_WARN_RANGE_LOOP_ANALYSIS = YES;
				CLANG_WARN_STRICT_PROTOTYPES = YES;
				CLANG_WARN_SUSPICIOUS_MOVE = YES;
				CLANG_WARN_UNGUARDED_AVAILABILITY = YES_AGGRESSIVE;
				CLANG_WARN_UNREACHABLE_CODE = YES;
				CLANG_WARN__DUPLICATE_METHOD_MATCH = YES;
				CODE_SIGN_IDENTITY = "Mac Developer";
				COPY_PHASE_STRIP = NO;
				DEBUG_INFORMATION_FORMAT = dwarf;
				ENABLE_STRICT_OBJC_MSGSEND = YES;
				ENABLE_TESTABILITY = YES;
				GCC_C_LANGUAGE_STANDARD = gnu11;
				GCC_DYNAMIC_NO_PIC = NO;
				GCC_NO_COMMON_BLOCKS = YES;
				GCC_OPTIMIZATION_LEVEL = 0;
				GCC_PREPROCESSOR_DEFINITIONS = (
					"DEBUG=1",
					"$(inherited)",
				);
				GCC_WARN_64_TO_32_BIT_CONVERSION = YES;
				GCC_WARN_ABOUT_RETURN_TYPE = YES_ERROR;
				GCC_WARN_UNDECLARED_SELECTOR = YES;
				GCC_WARN_UNINITIALIZED_AUTOS = YES_AGGRESSIVE;
				GCC_WARN_UNUSED_FUNCTION = YES;
				GCC_WARN_UNUSED_VARIABLE = YES;
				MACOSX_DEPLOYMENT_TARGET = 10.13;
				MTL_ENABLE_DEBUG_INFO = YES;
				ONLY_ACTIVE_ARCH = YES;
				SDKROOT = macosx;
				SWIFT_ACTIVE_COMPILATION_CONDITIONS = DEBUG;
				SWIFT_OPTIMIZATION_LEVEL = "-Onone";
			};
			name = Debug;
		};
		C2756DFE20765C8200FF160B /* Release */ = {
			isa = XCBuildConfiguration;
			buildSettings = {
				ALWAYS_SEARCH_USER_PATHS = NO;
				CLANG_ANALYZER_NONNULL = YES;
				CLANG_ANALYZER_NUMBER_OBJECT_CONVERSION = YES_AGGRESSIVE;
				CLANG_CXX_LANGUAGE_STANDARD = "gnu++14";
				CLANG_CXX_LIBRARY = "libc++";
				CLANG_ENABLE_MODULES = YES;
				CLANG_ENABLE_OBJC_ARC = YES;
				CLANG_ENABLE_OBJC_WEAK = YES;
				CLANG_WARN_BLOCK_CAPTURE_AUTORELEASING = YES;
				CLANG_WARN_BOOL_CONVERSION = YES;
				CLANG_WARN_COMMA = YES;
				CLANG_WARN_CONSTANT_CONVERSION = YES;
				CLANG_WARN_DEPRECATED_OBJC_IMPLEMENTATIONS = YES;
				CLANG_WARN_DIRECT_OBJC_ISA_USAGE = YES_ERROR;
				CLANG_WARN_DOCUMENTATION_COMMENTS = YES;
				CLANG_WARN_EMPTY_BODY = YES;
				CLANG_WARN_ENUM_CONVERSION = YES;
				CLANG_WARN_INFINITE_RECURSION = YES;
				CLANG_WARN_INT_CONVERSION = YES;
				CLANG_WARN_NON_LITERAL_NULL_CONVERSION = YES;
				CLANG_WARN_OBJC_IMPLICIT_RETAIN_SELF = YES;
				CLANG_WARN_OBJC_LITERAL_CONVERSION = YES;
				CLANG_WARN_OBJC_ROOT_CLASS = YES_ERROR;
				CLANG_WARN_RANGE_LOOP_ANALYSIS = YES;
				CLANG_WARN_STRICT_PROTOTYPES = YES;
				CLANG_WARN_SUSPICIOUS_MOVE = YES;
				CLANG_WARN_UNGUARDED_AVAILABILITY = YES_AGGRESSIVE;
				CLANG_WARN_UNREACHABLE_CODE = YES;
				CLANG_WARN__DUPLICATE_METHOD_MATCH = YES;
				CODE_SIGN_IDENTITY = "Mac Developer";
				COPY_PHASE_STRIP = NO;
				DEBUG_INFORMATION_FORMAT = "dwarf-with-dsym";
				ENABLE_NS_ASSERTIONS = NO;
				ENABLE_STRICT_OBJC_MSGSEND = YES;
				GCC_C_LANGUAGE_STANDARD = gnu11;
				GCC_NO_COMMON_BLOCKS = YES;
				GCC_WARN_64_TO_32_BIT_CONVERSION = YES;
				GCC_WARN_ABOUT_RETURN_TYPE = YES_ERROR;
				GCC_WARN_UNDECLARED_SELECTOR = YES;
				GCC_WARN_UNINITIALIZED_AUTOS = YES_AGGRESSIVE;
				GCC_WARN_UNUSED_FUNCTION = YES;
				GCC_WARN_UNUSED_VARIABLE = YES;
				MACOSX_DEPLOYMENT_TARGET = 10.13;
				MTL_ENABLE_DEBUG_INFO = NO;
				SDKROOT = macosx;
				SWIFT_COMPILATION_MODE = wholemodule;
				SWIFT_OPTIMIZATION_LEVEL = "-O";
			};
			name = Release;
		};
		C2756E0020765C8200FF160B /* Debug */ = {
			isa = XCBuildConfiguration;
			buildSettings = {
				ASSETCATALOG_COMPILER_APPICON_NAME = AppIcon;
				CODE_SIGN_ENTITLEMENTS = Pretty/Pretty.entitlements;
				CODE_SIGN_STYLE = Automatic;
				COMBINE_HIDPI_IMAGES = YES;
				DEVELOPMENT_TEAM = 7A5GV3DH33;
				INFOPLIST_FILE = Pretty/Info.plist;
				LD_RUNPATH_SEARCH_PATHS = (
					"$(inherited)",
					"@executable_path/../Frameworks",
				);
				PRODUCT_BUNDLE_IDENTIFIER = me.octree.Pretty;
				PRODUCT_NAME = "$(TARGET_NAME)";
				SWIFT_VERSION = 4.0;
			};
			name = Debug;
		};
		C2756E0120765C8200FF160B /* Release */ = {
			isa = XCBuildConfiguration;
			buildSettings = {
				ASSETCATALOG_COMPILER_APPICON_NAME = AppIcon;
				CODE_SIGN_ENTITLEMENTS = Pretty/Pretty.entitlements;
				CODE_SIGN_STYLE = Automatic;
				COMBINE_HIDPI_IMAGES = YES;
				DEVELOPMENT_TEAM = 7A5GV3DH33;
				INFOPLIST_FILE = Pretty/Info.plist;
				LD_RUNPATH_SEARCH_PATHS = (
					"$(inherited)",
					"@executable_path/../Frameworks",
				);
				PRODUCT_BUNDLE_IDENTIFIER = me.octree.Pretty;
				PRODUCT_NAME = "$(TARGET_NAME)";
				SWIFT_VERSION = 4.0;
			};
			name = Release;
		};
/* End XCBuildConfiguration section */

/* Begin XCConfigurationList section */
		C2756DEA20765C8100FF160B /* Build configuration list for PBXProject "Pretty" */ = {
			isa = XCConfigurationList;
			buildConfigurations = (
				C2756DFD20765C8200FF160B /* Debug */,
				C2756DFE20765C8200FF160B /* Release */,
			);
			defaultConfigurationIsVisible = 0;
			defaultConfigurationName = Release;
		};
		C2756DFF20765C8200FF160B /* Build configuration list for PBXNativeTarget "Pretty" */ = {
			isa = XCConfigurationList;
			buildConfigurations = (
				C2756E0020765C8200FF160B /* Debug */,
				C2756E0120765C8200FF160B /* Release */,
			);
			defaultConfigurationIsVisible = 0;
			defaultConfigurationName = Release;
		};
/* End XCConfigurationList section */
	};
	rootObject = C2756DE720765C8100FF160B /* Project object */;
}
